// !$*UTF8*$!
{
	archiveVersion = 1;
	classes = {
	};
	objectVersion = 46;
	objects = {

/* Begin PBXBuildFile section */
		5A91C47E1A021BB000F814AB /* main.m in Sources */ = {isa = PBXBuildFile; fileRef = 5A91C47D1A021BB000F814AB /* main.m */; };
		5A91C4811A021BB000F814AB /* AppDelegate.m in Sources */ = {isa = PBXBuildFile; fileRef = 5A91C4801A021BB000F814AB /* AppDelegate.m */; };
		5A91C4841A021BB000F814AB /* ViewController.m in Sources */ = {isa = PBXBuildFile; fileRef = 5A91C4831A021BB000F814AB /* ViewController.m */; };
		5A91C4871A021BB000F814AB /* Main.storyboard in Resources */ = {isa = PBXBuildFile; fileRef = 5A91C4851A021BB000F814AB /* Main.storyboard */; };
		5A91C4891A021BB000F814AB /* Images.xcassets in Resources */ = {isa = PBXBuildFile; fileRef = 5A91C4881A021BB000F814AB /* Images.xcassets */; };
		5A91C48C1A021BB000F814AB /* LaunchScreen.xib in Resources */ = {isa = PBXBuildFile; fileRef = 5A91C48A1A021BB000F814AB /* LaunchScreen.xib */; };
		5A91C4981A021BB000F814AB /* cherryTests.m in Sources */ = {isa = PBXBuildFile; fileRef = 5A91C4971A021BB000F814AB /* cherryTests.m */; };
/* End PBXBuildFile section */

/* Begin PBXContainerItemProxy section */
		5A91C4921A021BB000F814AB /* PBXContainerItemProxy */ = {
			isa = PBXContainerItemProxy;
			containerPortal = 5A91C4701A021BB000F814AB /* Project object */;
			proxyType = 1;
			remoteGlobalIDString = 5A91C4771A021BB000F814AB;
			remoteInfo = cherry;
		};
/* End PBXContainerItemProxy section */

/* Begin PBXFileReference section */
		5A91C4781A021BB000F814AB /* cherry.app */ = {isa = PBXFileReference; explicitFileType = wrapper.application; includeInIndex = 0; path = cherry.app; sourceTree = BUILT_PRODUCTS_DIR; };
		5A91C47C1A021BB000F814AB /* Info.plist */ = {isa = PBXFileReference; lastKnownFileType = text.plist.xml; path = Info.plist; sourceTree = "<group>"; };
		5A91C47D1A021BB000F814AB /* main.m */ = {isa = PBXFileReference; lastKnownFileType = sourcecode.c.objc; path = main.m; sourceTree = "<group>"; };
		5A91C47F1A021BB000F814AB /* AppDelegate.h */ = {isa = PBXFileReference; lastKnownFileType = sourcecode.c.h; path = AppDelegate.h; sourceTree = "<group>"; };
		5A91C4801A021BB000F814AB /* AppDelegate.m */ = {isa = PBXFileReference; lastKnownFileType = sourcecode.c.objc; path = AppDelegate.m; sourceTree = "<group>"; };
		5A91C4821A021BB000F814AB /* ViewController.h */ = {isa = PBXFileReference; lastKnownFileType = sourcecode.c.h; path = ViewController.h; sourceTree = "<group>"; };
		5A91C4831A021BB000F814AB /* ViewController.m */ = {isa = PBXFileReference; lastKnownFileType = sourcecode.c.objc; path = ViewController.m; sourceTree = "<group>"; };
		5A91C4861A021BB000F814AB /* Base */ = {isa = PBXFileReference; lastKnownFileType = file.storyboard; name = Base; path = Base.lproj/Main.storyboard; sourceTree = "<group>"; };
		5A91C4881A021BB000F814AB /* Images.xcassets */ = {isa = PBXFileReference; lastKnownFileType = folder.assetcatalog; path = Images.xcassets; sourceTree = "<group>"; };
		5A91C48B1A021BB000F814AB /* Base */ = {isa = PBXFileReference; lastKnownFileType = file.xib; name = Base; path = Base.lproj/LaunchScreen.xib; sourceTree = "<group>"; };
		5A91C4911A021BB000F814AB /* cherryTests.xctest */ = {isa = PBXFileReference; explicitFileType = wrapper.cfbundle; includeInIndex = 0; path = cherryTests.xctest; sourceTree = BUILT_PRODUCTS_DIR; };
		5A91C4961A021BB000F814AB /* Info.plist */ = {isa = PBXFileReference; lastKnownFileType = text.plist.xml; path = Info.plist; sourceTree = "<group>"; };
		5A91C4971A021BB000F814AB /* cherryTests.m */ = {isa = PBXFileReference; lastKnownFileType = sourcecode.c.objc; path = cherryTests.m; sourceTree = "<group>"; };
/* End PBXFileReference section */

/* Begin PBXFrameworksBuildPhase section */
		5A91C4751A021BB000F814AB /* Frameworks */ = {
			isa = PBXFrameworksBuildPhase;
			buildActionMask = 2147483647;
			files = (
			);
			runOnlyForDeploymentPostprocessing = 0;
		};
		5A91C48E1A021BB000F814AB /* Frameworks */ = {
			isa = PBXFrameworksBuildPhase;
			buildActionMask = 2147483647;
			files = (
			);
			runOnlyForDeploymentPostprocessing = 0;
		};
/* End PBXFrameworksBuildPhase section */

/* Begin PBXGroup section */
		5A91C46F1A021BB000F814AB = {
			isa = PBXGroup;
			children = (
				5A91C47A1A021BB000F814AB /* cherry */,
				5A91C4941A021BB000F814AB /* cherryTests */,
				5A91C4791A021BB000F814AB /* Products */,
			);
			sourceTree = "<group>";
		};
		5A91C4791A021BB000F814AB /* Products */ = {
			isa = PBXGroup;
			children = (
				5A91C4781A021BB000F814AB /* cherry.app */,
				5A91C4911A021BB000F814AB /* cherryTests.xctest */,
			);
			name = Products;
			sourceTree = "<group>";
		};
		5A91C47A1A021BB000F814AB /* cherry */ = {
			isa = PBXGroup;
			children = (
				5A91C47F1A021BB000F814AB /* AppDelegate.h */,
				5A91C4801A021BB000F814AB /* AppDelegate.m */,
				5A91C4821A021BB000F814AB /* ViewController.h */,
				5A91C4831A021BB000F814AB /* ViewController.m */,
				5A91C4851A021BB000F814AB /* Main.storyboard */,
				5A91C4881A021BB000F814AB /* Images.xcassets */,
				5A91C48A1A021BB000F814AB /* LaunchScreen.xib */,
				5A91C47B1A021BB000F814AB /* Supporting Files */,
			);
			path = cherry;
			sourceTree = "<group>";
		};
		5A91C47B1A021BB000F814AB /* Supporting Files */ = {
			isa = PBXGroup;
			children = (
				5A91C47C1A021BB000F814AB /* Info.plist */,
				5A91C47D1A021BB000F814AB /* main.m */,
			);
			name = "Supporting Files";
			sourceTree = "<group>";
		};
		5A91C4941A021BB000F814AB /* cherryTests */ = {
			isa = PBXGroup;
			children = (
				5A91C4971A021BB000F814AB /* cherryTests.m */,
				5A91C4951A021BB000F814AB /* Supporting Files */,
			);
			path = cherryTests;
			sourceTree = "<group>";
		};
		5A91C4951A021BB000F814AB /* Supporting Files */ = {
			isa = PBXGroup;
			children = (
				5A91C4961A021BB000F814AB /* Info.plist */,
			);
			name = "Supporting Files";
			sourceTree = "<group>";
		};
/* End PBXGroup section */

/* Begin PBXNativeTarget section */
		5A91C4771A021BB000F814AB /* cherry */ = {
			isa = PBXNativeTarget;
			buildConfigurationList = 5A91C49B1A021BB000F814AB /* Build configuration list for PBXNativeTarget "cherry" */;
			buildPhases = (
				5A91C4741A021BB000F814AB /* Sources */,
				5A91C4751A021BB000F814AB /* Frameworks */,
				5A91C4761A021BB000F814AB /* Resources */,
			);
			buildRules = (
			);
			dependencies = (
			);
			name = cherry;
			productName = cherry;
			productReference = 5A91C4781A021BB000F814AB /* cherry.app */;
			productType = "com.apple.product-type.application";
		};
		5A91C4901A021BB000F814AB /* cherryTests */ = {
			isa = PBXNativeTarget;
			buildConfigurationList = 5A91C49E1A021BB000F814AB /* Build configuration list for PBXNativeTarget "cherryTests" */;
			buildPhases = (
				5A91C48D1A021BB000F814AB /* Sources */,
				5A91C48E1A021BB000F814AB /* Frameworks */,
				5A91C48F1A021BB000F814AB /* Resources */,
			);
			buildRules = (
			);
			dependencies = (
				5A91C4931A021BB000F814AB /* PBXTargetDependency */,
			);
			name = cherryTests;
			productName = cherryTests;
			productReference = 5A91C4911A021BB000F814AB /* cherryTests.xctest */;
			productType = "com.apple.product-type.bundle.unit-test";
		};
/* End PBXNativeTarget section */

/* Begin PBXProject section */
		5A91C4701A021BB000F814AB /* Project object */ = {
			isa = PBXProject;
			attributes = {
				LastUpgradeCheck = 0600;
				ORGANIZATIONNAME = "Rakuten INC.";
				TargetAttributes = {
					5A91C4771A021BB000F814AB = {
						CreatedOnToolsVersion = 6.0;
					};
					5A91C4901A021BB000F814AB = {
						CreatedOnToolsVersion = 6.0;
						TestTargetID = 5A91C4771A021BB000F814AB;
					};
				};
			};
			buildConfigurationList = 5A91C4731A021BB000F814AB /* Build configuration list for PBXProject "cherry" */;
			compatibilityVersion = "Xcode 3.2";
			developmentRegion = English;
			hasScannedForEncodings = 0;
			knownRegions = (
				en,
				Base,
			);
			mainGroup = 5A91C46F1A021BB000F814AB;
			productRefGroup = 5A91C4791A021BB000F814AB /* Products */;
			projectDirPath = "";
			projectRoot = "";
			targets = (
				5A91C4771A021BB000F814AB /* cherry */,
				5A91C4901A021BB000F814AB /* cherryTests */,
			);
		};
/* End PBXProject section */

/* Begin PBXResourcesBuildPhase section */
		5A91C4761A021BB000F814AB /* Resources */ = {
			isa = PBXResourcesBuildPhase;
			buildActionMask = 2147483647;
			files = (
				5A91C4871A021BB000F814AB /* Main.storyboard in Resources */,
				5A91C48C1A021BB000F814AB /* LaunchScreen.xib in Resources */,
				5A91C4891A021BB000F814AB /* Images.xcassets in Resources */,
			);
			runOnlyForDeploymentPostprocessing = 0;
		};
		5A91C48F1A021BB000F814AB /* Resources */ = {
			isa = PBXResourcesBuildPhase;
			buildActionMask = 2147483647;
			files = (
			);
			runOnlyForDeploymentPostprocessing = 0;
		};
/* End PBXResourcesBuildPhase section */

/* Begin PBXSourcesBuildPhase section */
		5A91C4741A021BB000F814AB /* Sources */ = {
			isa = PBXSourcesBuildPhase;
			buildActionMask = 2147483647;
			files = (
				5A91C4841A021BB000F814AB /* ViewController.m in Sources */,
				5A91C4811A021BB000F814AB /* AppDelegate.m in Sources */,
				5A91C47E1A021BB000F814AB /* main.m in Sources */,
			);
			runOnlyForDeploymentPostprocessing = 0;
		};
		5A91C48D1A021BB000F814AB /* Sources */ = {
			isa = PBXSourcesBuildPhase;
			buildActionMask = 2147483647;
			files = (
				5A91C4981A021BB000F814AB /* cherryTests.m in Sources */,
			);
			runOnlyForDeploymentPostprocessing = 0;
		};
/* End PBXSourcesBuildPhase section */

/* Begin PBXTargetDependency section */
		5A91C4931A021BB000F814AB /* PBXTargetDependency */ = {
			isa = PBXTargetDependency;
			target = 5A91C4771A021BB000F814AB /* cherry */;
			targetProxy = 5A91C4921A021BB000F814AB /* PBXContainerItemProxy */;
		};
/* End PBXTargetDependency section */

/* Begin PBXVariantGroup section */
		5A91C4851A021BB000F814AB /* Main.storyboard */ = {
			isa = PBXVariantGroup;
			children = (
				5A91C4861A021BB000F814AB /* Base */,
			);
			name = Main.storyboard;
			sourceTree = "<group>";
		};
		5A91C48A1A021BB000F814AB /* LaunchScreen.xib */ = {
			isa = PBXVariantGroup;
			children = (
				5A91C48B1A021BB000F814AB /* Base */,
			);
			name = LaunchScreen.xib;
			sourceTree = "<group>";
		};
/* End PBXVariantGroup section */

/* Begin XCBuildConfiguration section */
		5A91C4991A021BB000F814AB /* Debug */ = {
			isa = XCBuildConfiguration;
			buildSettings = {
				ALWAYS_SEARCH_USER_PATHS = NO;
				CLANG_CXX_LANGUAGE_STANDARD = "gnu++0x";
				CLANG_CXX_LIBRARY = "libc++";
				CLANG_ENABLE_MODULES = YES;
				CLANG_ENABLE_OBJC_ARC = YES;
				CLANG_WARN_BOOL_CONVERSION = YES;
				CLANG_WARN_CONSTANT_CONVERSION = YES;
				CLANG_WARN_DIRECT_OBJC_ISA_USAGE = YES_ERROR;
				CLANG_WARN_EMPTY_BODY = YES;
				CLANG_WARN_ENUM_CONVERSION = YES;
				CLANG_WARN_INT_CONVERSION = YES;
				CLANG_WARN_OBJC_ROOT_CLASS = YES_ERROR;
				CLANG_WARN_UNREACHABLE_CODE = YES;
				CLANG_WARN__DUPLICATE_METHOD_MATCH = YES;
				"CODE_SIGN_IDENTITY[sdk=iphoneos*]" = "iPhone Developer";
				COPY_PHASE_STRIP = NO;
				ENABLE_STRICT_OBJC_MSGSEND = YES;
				GCC_C_LANGUAGE_STANDARD = gnu99;
				GCC_DYNAMIC_NO_PIC = NO;
				GCC_OPTIMIZATION_LEVEL = 0;
				GCC_PREPROCESSOR_DEFINITIONS = (
					"DEBUG=1",
					"$(inherited)",
				);
				GCC_SYMBOLS_PRIVATE_EXTERN = NO;
				GCC_WARN_64_TO_32_BIT_CONVERSION = YES;
				GCC_WARN_ABOUT_RETURN_TYPE = YES_ERROR;
				GCC_WARN_UNDECLARED_SELECTOR = YES;
				GCC_WARN_UNINITIALIZED_AUTOS = YES_AGGRESSIVE;
				GCC_WARN_UNUSED_FUNCTION = YES;
				GCC_WARN_UNUSED_VARIABLE = YES;
				IPHONEOS_DEPLOYMENT_TARGET = 8.0;
				MTL_ENABLE_DEBUG_INFO = YES;
				ONLY_ACTIVE_ARCH = YES;
				SDKROOT = iphoneos;
			};
			name = Debug;
		};
		5A91C49A1A021BB000F814AB /* Release */ = {
			isa = XCBuildConfiguration;
			buildSettings = {
				ALWAYS_SEARCH_USER_PATHS = NO;
				CLANG_CXX_LANGUAGE_STANDARD = "gnu++0x";
				CLANG_CXX_LIBRARY = "libc++";
				CLANG_ENABLE_MODULES = YES;
				CLANG_ENABLE_OBJC_ARC = YES;
				CLANG_WARN_BOOL_CONVERSION = YES;
				CLANG_WARN_CONSTANT_CONVERSION = YES;
				CLANG_WARN_DIRECT_OBJC_ISA_USAGE = YES_ERROR;
				CLANG_WARN_EMPTY_BODY = YES;
				CLANG_WARN_ENUM_CONVERSION = YES;
				CLANG_WARN_INT_CONVERSION = YES;
				CLANG_WARN_OBJC_ROOT_CLASS = YES_ERROR;
				CLANG_WARN_UNREACHABLE_CODE = YES;
				CLANG_WARN__DUPLICATE_METHOD_MATCH = YES;
				"CODE_SIGN_IDENTITY[sdk=iphoneos*]" = "iPhone Developer";
				COPY_PHASE_STRIP = YES;
				ENABLE_NS_ASSERTIONS = NO;
				ENABLE_STRICT_OBJC_MSGSEND = YES;
				GCC_C_LANGUAGE_STANDARD = gnu99;
				GCC_WARN_64_TO_32_BIT_CONVERSION = YES;
				GCC_WARN_ABOUT_RETURN_TYPE = YES_ERROR;
				GCC_WARN_UNDECLARED_SELECTOR = YES;
				GCC_WARN_UNINITIALIZED_AUTOS = YES_AGGRESSIVE;
				GCC_WARN_UNUSED_FUNCTION = YES;
				GCC_WARN_UNUSED_VARIABLE = YES;
				IPHONEOS_DEPLOYMENT_TARGET = 8.0;
				MTL_ENABLE_DEBUG_INFO = NO;
				SDKROOT = iphoneos;
				VALIDATE_PRODUCT = YES;
			};
			name = Release;
		};
		5A91C49C1A021BB000F814AB /* Debug */ = {
			isa = XCBuildConfiguration;
			buildSettings = {
				ASSETCATALOG_COMPILER_APPICON_NAME = AppIcon;
				INFOPLIST_FILE = cherry/Info.plist;
				LD_RUNPATH_SEARCH_PATHS = "$(inherited) @executable_path/Frameworks";
				PRODUCT_NAME = "$(TARGET_NAME)";
			};
			name = Debug;
		};
		5A91C49D1A021BB000F814AB /* Release */ = {
			isa = XCBuildConfiguration;
			buildSettings = {
				ASSETCATALOG_COMPILER_APPICON_NAME = AppIcon;
				INFOPLIST_FILE = cherry/Info.plist;
				LD_RUNPATH_SEARCH_PATHS = "$(inherited) @executable_path/Frameworks";
				PRODUCT_NAME = "$(TARGET_NAME)";
			};
			name = Release;
		};
		5A91C49F1A021BB000F814AB /* Debug */ = {
			isa = XCBuildConfiguration;
			buildSettings = {
				BUNDLE_LOADER = "$(TEST_HOST)";
				FRAMEWORK_SEARCH_PATHS = (
					"$(SDKROOT)/Developer/Library/Frameworks",
					"$(inherited)",
				);
				GCC_PREPROCESSOR_DEFINITIONS = (
					"DEBUG=1",
					"$(inherited)",
				);
				INFOPLIST_FILE = cherryTests/Info.plist;
				LD_RUNPATH_SEARCH_PATHS = "$(inherited) @executable_path/Frameworks @loader_path/Frameworks";
				PRODUCT_NAME = "$(TARGET_NAME)";
				TEST_HOST = "$(BUILT_PRODUCTS_DIR)/cherry.app/cherry";
			};
			name = Debug;
		};
		5A91C4A01A021BB000F814AB /* Release */ = {
			isa = XCBuildConfiguration;
			buildSettings = {
				BUNDLE_LOADER = "$(TEST_HOST)";
				FRAMEWORK_SEARCH_PATHS = (
					"$(SDKROOT)/Developer/Library/Frameworks",
					"$(inherited)",
				);
				INFOPLIST_FILE = cherryTests/Info.plist;
				LD_RUNPATH_SEARCH_PATHS = "$(inherited) @executable_path/Frameworks @loader_path/Frameworks";
				PRODUCT_NAME = "$(TARGET_NAME)";
				TEST_HOST = "$(BUILT_PRODUCTS_DIR)/cherry.app/cherry";
			};
			name = Release;
		};
/* End XCBuildConfiguration section */

/* Begin XCConfigurationList section */
		5A91C4731A021BB000F814AB /* Build configuration list for PBXProject "cherry" */ = {
			isa = XCConfigurationList;
			buildConfigurations = (
				5A91C4991A021BB000F814AB /* Debug */,
				5A91C49A1A021BB000F814AB /* Release */,
			);
			defaultConfigurationIsVisible = 0;
			defaultConfigurationName = Release;
		};
		5A91C49B1A021BB000F814AB /* Build configuration list for PBXNativeTarget "cherry" */ = {
			isa = XCConfigurationList;
			buildConfigurations = (
				5A91C49C1A021BB000F814AB /* Debug */,
				5A91C49D1A021BB000F814AB /* Release */,
			);
			defaultConfigurationIsVisible = 0;
		};
		5A91C49E1A021BB000F814AB /* Build configuration list for PBXNativeTarget "cherryTests" */ = {
			isa = XCConfigurationList;
			buildConfigurations = (
				5A91C49F1A021BB000F814AB /* Debug */,
				5A91C4A01A021BB000F814AB /* Release */,
			);
			defaultConfigurationIsVisible = 0;
		};
/* End XCConfigurationList section */
	};
	rootObject = 5A91C4701A021BB000F814AB /* Project object */;
}
